
Microsoft Visual Studio Solution File, Format Version 12.00
# Visual Studio 15
Project("{FAE04EC0-301F-11D3-BF4B-00C04F79EFBC}") = "Assembly-CSharp", "Assembly-CSharp.csproj", "{2C3F3E39-C29C-6BF6-4602-AA3F47F4A029}"
EndProject
Project("{FAE04EC0-301F-11D3-BF4B-00C04F79EFBC}") = "Assembly-CSharp-Editor", "Assembly-CSharp-Editor.csproj", "{AB75DC5C-25FA-B398-E63C-B699F1B42758}"
EndProject
Global
	GlobalSection(SolutionConfigurationPlatforms) = preSolution
		Debug|Any CPU = Debug|Any CPU
		Release|Any CPU = Release|Any CPU
	EndGlobalSection
	GlobalSection(ProjectConfigurationPlatforms) = postSolution
		{2C3F3E39-C29C-6BF6-4602-AA3F47F4A029}.Debug|Any CPU.ActiveCfg = Debug|Any CPU
		{2C3F3E39-C29C-6BF6-4602-AA3F47F4A029}.Debug|Any CPU.Build.0 = Debug|Any CPU
		{2C3F3E39-C29C-6BF6-4602-AA3F47F4A029}.Release|Any CPU.ActiveCfg = Release|Any CPU
		{2C3F3E39-C29C-6BF6-4602-AA3F47F4A029}.Release|Any CPU.Build.0 = Release|Any CPU
		{AB75DC5C-25FA-B398-E63C-B699F1B42758}.Debug|Any CPU.ActiveCfg = Debug|Any CPU
		{AB75DC5C-25FA-B398-E63C-B699F1B42758}.Debug|Any CPU.Build.0 = Debug|Any CPU
		{AB75DC5C-25FA-B398-E63C-B699F1B42758}.Release|Any CPU.ActiveCfg = Release|Any CPU
		{AB75DC5C-25FA-B398-E63C-B699F1B42758}.Release|Any CPU.Build.0 = Release|Any CPU
	EndGlobalSection
	GlobalSection(SolutionProperties) = preSolution
		HideSolutionNode = FALSE
	EndGlobalSection
EndGlobal
